{
    "_readme": [
        "This file locks the dependencies of your project to a known state",
        "Read more about it at https://getcomposer.org/doc/01-basic-usage.md#composer-lock-the-lock-file",
        "This file is @generated automatically"
    ],
    "hash": "417ac3267dedc3b890cde19d6e5ad1be",
    "content-hash": "38a0add3b5f7334999bba23db80aead4",
    "packages": [
        {
            "name": "pixel418/markdownify",
            "version": "v2.1.11",
            "source": {
                "type": "git",
                "url": "https://github.com/Elephant418/Markdownify.git",
                "reference": "17143885c32d195b885d36e4b556f16377afa096"
            },
            "dist": {
                "type": "zip",
                "url": "https://api.github.com/repos/Elephant418/Markdownify/zipball/17143885c32d195b885d36e4b556f16377afa096",
                "reference": "17143885c32d195b885d36e4b556f16377afa096",
                "shasum": ""
            },
            "require": {
                "php": ">=5.3.0"
            },
            "type": "lib",
            "autoload": {
                "psr-0": {
                    "Markdownify": "src",
                    "Test\\Markdownify": "test"
                }
            },
            "notification-url": "https://packagist.org/downloads/",
            "license": [
                "MIT"
            ],
            "authors": [
                {
                    "name": "Peter Kruithof",
                    "email": "pkruithof@gmail.com",
                    "homepage": "http://pkruithof.tumblr.com/"
                },
                {
                    "name": "Milian Wolff",
                    "email": "mail@milianw.de",
                    "homepage": "http://milianw.de"
                },
                {
                    "name": "Thomas Zilliox",
                    "email": "hello@tzi.fr",
                    "homepage": "http://tzi.fr"
                }
            ],
            "description": "The HTML to Markdown converter for PHP ",
            "homepage": "https://github.com/elephant418/Markdownify",
            "keywords": [
                "markdown",
                "markdownify"
            ],
            "time": "2016-02-19 09:56:23"
        }
    ],
    "packages-dev": [],
    "aliases": [],
    "minimum-stability": "stable",
    "stability-flags": [],
    "prefer-stable": false,
    "prefer-lowest": false,
    "platform": [],
    "platform-dev": []
}
