{
    "_readme": [
        "This file locks the dependencies of your project to a known state",
        "Read more about it at https://getcomposer.org/doc/01-basic-usage.md#composer-lock-the-lock-file",
        "This file is @generated automatically"
    ],
    "hash": "2fde0dd39ec3d6c0fa75e902e799d16c",
    "content-hash": "439267fa170a3fd432f6ad1266b7a9f9",
    "packages": [
        {
            "name": "erusev/parsedown",
            "version": "1.6.0",
            "source": {
                "type": "git",
                "url": "https://github.com/erusev/parsedown.git",
                "reference": "3ebbd730b5c2cf5ce78bc1bf64071407fc6674b7"
            },
            "dist": {
                "type": "zip",
                "url": "https://api.github.com/repos/erusev/parsedown/zipball/3ebbd730b5c2cf5ce78bc1bf64071407fc6674b7",
                "reference": "3ebbd730b5c2cf5ce78bc1bf64071407fc6674b7",
                "shasum": ""
            },
            "type": "library",
            "autoload": {
                "psr-0": {
                    "Parsedown": ""
                }
            },
            "notification-url": "https://packagist.org/downloads/",
            "license": [
                "MIT"
            ],
            "authors": [
                {
                    "name": "Emanuil Rusev",
                    "email": "hello@erusev.com",
                    "homepage": "http://erusev.com"
                }
            ],
            "description": "Parser for Markdown.",
            "homepage": "http://parsedown.org",
            "keywords": [
                "markdown",
                "parser"
            ],
            "time": "2015-10-04 16:44:32"
        },
        {
            "name": "ircmaxell/password-compat",
            "version": "v1.0.4",
            "source": {
                "type": "git",
                "url": "https://github.com/ircmaxell/password_compat.git",
                "reference": "5c5cde8822a69545767f7c7f3058cb15ff84614c"
            },
            "dist": {
                "type": "zip",
                "url": "https://api.github.com/repos/ircmaxell/password_compat/zipball/5c5cde8822a69545767f7c7f3058cb15ff84614c",
                "reference": "5c5cde8822a69545767f7c7f3058cb15ff84614c",
                "shasum": ""
            },
            "require-dev": {
                "phpunit/phpunit": "4.*"
            },
            "type": "library",
            "autoload": {
                "files": [
                    "lib/password.php"
                ]
            },
            "notification-url": "https://packagist.org/downloads/",
            "license": [
                "MIT"
            ],
            "authors": [
                {
                    "name": "Anthony Ferrara",
                    "email": "ircmaxell@php.net",
                    "homepage": "http://blog.ircmaxell.com"
                }
            ],
            "description": "A compatibility library for the proposed simplified password hashing algorithm: https://wiki.php.net/rfc/password_hash",
            "homepage": "https://github.com/ircmaxell/password_compat",
            "keywords": [
                "hashing",
                "password"
            ],
            "time": "2014-11-20 16:49:30"
        },
        {
            "name": "pixel418/markdownify",
            "version": "v2.1.11",
            "source": {
                "type": "git",
                "url": "https://github.com/Elephant418/Markdownify.git",
                "reference": "17143885c32d195b885d36e4b556f16377afa096"
            },
            "dist": {
                "type": "zip",
                "url": "https://api.github.com/repos/Elephant418/Markdownify/zipball/17143885c32d195b885d36e4b556f16377afa096",
                "reference": "17143885c32d195b885d36e4b556f16377afa096",
                "shasum": ""
            },
            "require": {
                "php": ">=5.3.0"
            },
            "type": "lib",
            "autoload": {
                "psr-0": {
                    "Markdownify": "src",
                    "Test\\Markdownify": "test"
                }
            },
            "notification-url": "https://packagist.org/downloads/",
            "license": [
                "MIT"
            ],
            "authors": [
                {
                    "name": "Peter Kruithof",
                    "email": "pkruithof@gmail.com",
                    "homepage": "http://pkruithof.tumblr.com/"
                },
                {
                    "name": "Milian Wolff",
                    "email": "mail@milianw.de",
                    "homepage": "http://milianw.de"
                },
                {
                    "name": "Thomas Zilliox",
                    "email": "hello@tzi.fr",
                    "homepage": "http://tzi.fr"
                }
            ],
            "description": "The HTML to Markdown converter for PHP ",
            "homepage": "https://github.com/elephant418/Markdownify",
            "keywords": [
                "markdown",
                "markdownify"
            ],
            "time": "2016-02-19 09:56:23"
        }
    ],
    "packages-dev": [],
    "aliases": [],
    "minimum-stability": "stable",
    "stability-flags": [],
    "prefer-stable": false,
    "prefer-lowest": false,
    "platform": [],
    "platform-dev": []
}
